Microsoft Visual Studio Solution File, Format Version 12.00
# Visual Studio Version 17
VisualStudioVersion = 17.5.2.0
MinimumVisualStudioVersion = 10.0.40219.1
Project("{FAE04EC0-301F-11D3-BF4B-00C04F79EFBC}") = "PizzashopRMS", "PizzashopRMS\PizzashopRMS.csproj", "{E2EE07F3-EEA5-E7F0-65E5-C0433231BF06}"
EndProject
Project("{FAE04EC0-301F-11D3-BF4B-00C04F79EFBC}") = "DataAccessLayer", "DataAccessLayer\DataAccessLayer.csproj", "{7D1F0B1F-91A5-45B9-8506-AF9B31C9FDAD}"
EndProject
Project("{FAE04EC0-301F-11D3-BF4B-00C04F79EFBC}") = "BusinessLayer", "BusinessLayer\BusinessLayer.csproj", "{09D3A201-1CB7-434F-9E3B-48C802422CA2}"
EndProject
Global
	GlobalSection(SolutionConfigurationPlatforms) = preSolution
		Debug|Any CPU = Debug|Any CPU
		Release|Any CPU = Release|Any CPU
	EndGlobalSection
	GlobalSection(ProjectConfigurationPlatforms) = postSolution
		{E2EE07F3-EEA5-E7F0-65E5-C0433231BF06}.Debug|Any CPU.ActiveCfg = Debug|Any CPU
		{E2EE07F3-EEA5-E7F0-65E5-C0433231BF06}.Debug|Any CPU.Build.0 = Debug|Any CPU
		{E2EE07F3-EEA5-E7F0-65E5-C0433231BF06}.Release|Any CPU.ActiveCfg = Release|Any CPU
		{E2EE07F3-EEA5-E7F0-65E5-C0433231BF06}.Release|Any CPU.Build.0 = Release|Any CPU
		{7D1F0B1F-91A5-45B9-8506-AF9B31C9FDAD}.Debug|Any CPU.ActiveCfg = Debug|Any CPU
		{7D1F0B1F-91A5-45B9-8506-AF9B31C9FDAD}.Debug|Any CPU.Build.0 = Debug|Any CPU
		{7D1F0B1F-91A5-45B9-8506-AF9B31C9FDAD}.Release|Any CPU.ActiveCfg = Release|Any CPU
		{7D1F0B1F-91A5-45B9-8506-AF9B31C9FDAD}.Release|Any CPU.Build.0 = Release|Any CPU
		{09D3A201-1CB7-434F-9E3B-48C802422CA2}.Debug|Any CPU.ActiveCfg = Debug|Any CPU
		{09D3A201-1CB7-434F-9E3B-48C802422CA2}.Debug|Any CPU.Build.0 = Debug|Any CPU
		{09D3A201-1CB7-434F-9E3B-48C802422CA2}.Release|Any CPU.ActiveCfg = Release|Any CPU
		{09D3A201-1CB7-434F-9E3B-48C802422CA2}.Release|Any CPU.Build.0 = Release|Any CPU
	EndGlobalSection
	GlobalSection(SolutionProperties) = preSolution
		HideSolutionNode = FALSE
	EndGlobalSection
	GlobalSection(ExtensibilityGlobals) = postSolution
		SolutionGuid = {036D180A-0DD7-44FE-98A5-78EC8D73136B}
	EndGlobalSection
EndGlobal
